// !$*UTF8*$!
{
	archiveVersion = 1;
	classes = {
	};
	objectVersion = 50;
	objects = {

/* Begin PBXBuildFile section */
		0307834B20DF8ADA00C04DD7 /* ViewController.m in Sources */ = {isa = PBXBuildFile; fileRef = 0307834020DF8ADA00C04DD7 /* ViewController.m */; };
		0307834C20DF8ADA00C04DD7 /* LaunchScreen.storyboard in Resources */ = {isa = PBXBuildFile; fileRef = 0307834120DF8ADA00C04DD7 /* LaunchScreen.storyboard */; };
		0307834D20DF8ADA00C04DD7 /* main.m in Sources */ = {isa = PBXBuildFile; fileRef = 0307834320DF8ADA00C04DD7 /* main.m */; };
		0307834E20DF8ADA00C04DD7 /* AppDelegate.m in Sources */ = {isa = PBXBuildFile; fileRef = 0307834420DF8ADA00C04DD7 /* AppDelegate.m */; };
		0307835120DF8ADA00C04DD7 /* Info.plist in Resources */ = {isa = PBXBuildFile; fileRef = 0307834720DF8ADA00C04DD7 /* Info.plist */; };
		9E37B27E6402EE916CF69562 /* libPods-DDYAuthorityManager.a in Frameworks */ = {isa = PBXBuildFile; fileRef = 08145519FE7805B6A1F4B66C /* libPods-DDYAuthorityManager.a */; };
/* End PBXBuildFile section */

/* Begin PBXFileReference section */
		0307832020DF8AB000C04DD7 /* DDYAuthorityManager.app */ = {isa = PBXFileReference; explicitFileType = wrapper.application; includeInIndex = 0; path = DDYAuthorityManager.app; sourceTree = BUILT_PRODUCTS_DIR; };
		0307833F20DF8ADA00C04DD7 /* AppDelegate.h */ = {isa = PBXFileReference; fileEncoding = 4; lastKnownFileType = sourcecode.c.h; path = AppDelegate.h; sourceTree = "<group>"; };
		0307834020DF8ADA00C04DD7 /* ViewController.m */ = {isa = PBXFileReference; fileEncoding = 4; lastKnownFileType = sourcecode.c.objc; path = ViewController.m; sourceTree = "<group>"; };
		0307834220DF8ADA00C04DD7 /* Base */ = {isa = PBXFileReference; lastKnownFileType = file.storyboard; name = Base; path = Base.lproj/LaunchScreen.storyboard; sourceTree = "<group>"; };
		0307834320DF8ADA00C04DD7 /* main.m */ = {isa = PBXFileReference; fileEncoding = 4; lastKnownFileType = sourcecode.c.objc; path = main.m; sourceTree = "<group>"; };
		0307834420DF8ADA00C04DD7 /* AppDelegate.m */ = {isa = PBXFileReference; fileEncoding = 4; lastKnownFileType = sourcecode.c.objc; path = AppDelegate.m; sourceTree = "<group>"; };
		0307834720DF8ADA00C04DD7 /* Info.plist */ = {isa = PBXFileReference; fileEncoding = 4; lastKnownFileType = text.plist.xml; path = Info.plist; sourceTree = "<group>"; };
		0307834820DF8ADA00C04DD7 /* ViewController.h */ = {isa = PBXFileReference; fileEncoding = 4; lastKnownFileType = sourcecode.c.h; path = ViewController.h; sourceTree = "<group>"; };
		08145519FE7805B6A1F4B66C /* libPods-DDYAuthorityManager.a */ = {isa = PBXFileReference; explicitFileType = archive.ar; includeInIndex = 0; path = "libPods-DDYAuthorityManager.a"; sourceTree = BUILT_PRODUCTS_DIR; };
		959F405F0B7FF4F8C823CF04 /* Pods-DDYAuthorityManager.release.xcconfig */ = {isa = PBXFileReference; includeInIndex = 1; lastKnownFileType = text.xcconfig; name = "Pods-DDYAuthorityManager.release.xcconfig"; path = "Target Support Files/Pods-DDYAuthorityManager/Pods-DDYAuthorityManager.release.xcconfig"; sourceTree = "<group>"; };
		B9F9CA9D4A1C60097788FBED /* Pods-DDYAuthorityManager.debug.xcconfig */ = {isa = PBXFileReference; includeInIndex = 1; lastKnownFileType = text.xcconfig; name = "Pods-DDYAuthorityManager.debug.xcconfig"; path = "Target Support Files/Pods-DDYAuthorityManager/Pods-DDYAuthorityManager.debug.xcconfig"; sourceTree = "<group>"; };
/* End PBXFileReference section */

/* Begin PBXFrameworksBuildPhase section */
		0307831D20DF8AB000C04DD7 /* Frameworks */ = {
			isa = PBXFrameworksBuildPhase;
			buildActionMask = 2147483647;
			files = (
				9E37B27E6402EE916CF69562 /* libPods-DDYAuthorityManager.a in Frameworks */,
			);
			runOnlyForDeploymentPostprocessing = 0;
		};
/* End PBXFrameworksBuildPhase section */

/* Begin PBXGroup section */
		0307831720DF8AB000C04DD7 = {
			isa = PBXGroup;
			children = (
				0307832220DF8AB000C04DD7 /* DDYAuthorityManager */,
				0307832120DF8AB000C04DD7 /* Products */,
				F4BFAC2F5AFB270C636A1757 /* Pods */,
				84C1CB6300C66FC6EBB28A6B /* Frameworks */,
			);
			sourceTree = "<group>";
		};
		0307832120DF8AB000C04DD7 /* Products */ = {
			isa = PBXGroup;
			children = (
				0307832020DF8AB000C04DD7 /* DDYAuthorityManager.app */,
			);
			name = Products;
			sourceTree = "<group>";
		};
		0307832220DF8AB000C04DD7 /* DDYAuthorityManager */ = {
			isa = PBXGroup;
			children = (
				0307833E20DF8ADA00C04DD7 /* System */,
			);
			path = DDYAuthorityManager;
			sourceTree = "<group>";
		};
		0307833E20DF8ADA00C04DD7 /* System */ = {
			isa = PBXGroup;
			children = (
				0307833F20DF8ADA00C04DD7 /* AppDelegate.h */,
				0307834420DF8ADA00C04DD7 /* AppDelegate.m */,
				0307834820DF8ADA00C04DD7 /* ViewController.h */,
				0307834020DF8ADA00C04DD7 /* ViewController.m */,
				0307834120DF8ADA00C04DD7 /* LaunchScreen.storyboard */,
				0307834320DF8ADA00C04DD7 /* main.m */,
				0307834720DF8ADA00C04DD7 /* Info.plist */,
			);
			path = System;
			sourceTree = "<group>";
		};
		84C1CB6300C66FC6EBB28A6B /* Frameworks */ = {
			isa = PBXGroup;
			children = (
				08145519FE7805B6A1F4B66C /* libPods-DDYAuthorityManager.a */,
			);
			name = Frameworks;
			sourceTree = "<group>";
		};
		F4BFAC2F5AFB270C636A1757 /* Pods */ = {
			isa = PBXGroup;
			children = (
				B9F9CA9D4A1C60097788FBED /* Pods-DDYAuthorityManager.debug.xcconfig */,
				959F405F0B7FF4F8C823CF04 /* Pods-DDYAuthorityManager.release.xcconfig */,
			);
			path = Pods;
			sourceTree = "<group>";
		};
/* End PBXGroup section */

/* Begin PBXNativeTarget section */
		0307831F20DF8AB000C04DD7 /* DDYAuthorityManager */ = {
			isa = PBXNativeTarget;
			buildConfigurationList = 0307833620DF8AB600C04DD7 /* Build configuration list for PBXNativeTarget "DDYAuthorityManager" */;
			buildPhases = (
				202C615D4E0224D9E23DF401 /* [CP] Check Pods Manifest.lock */,
				0307831C20DF8AB000C04DD7 /* Sources */,
				0307831D20DF8AB000C04DD7 /* Frameworks */,
				0307831E20DF8AB000C04DD7 /* Resources */,
				6D4DC5987C59DE3E594DC394 /* [CP] Copy Pods Resources */,
			);
			buildRules = (
			);
			dependencies = (
			);
			name = DDYAuthorityManager;
			productName = DDYAuthorityManager;
			productReference = 0307832020DF8AB000C04DD7 /* DDYAuthorityManager.app */;
			productType = "com.apple.product-type.application";
		};
/* End PBXNativeTarget section */

/* Begin PBXProject section */
		0307831820DF8AB000C04DD7 /* Project object */ = {
			isa = PBXProject;
			attributes = {
				LastUpgradeCheck = 0930;
				ORGANIZATIONNAME = SmartMeshFoundation;
				TargetAttributes = {
					0307831F20DF8AB000C04DD7 = {
						CreatedOnToolsVersion = 9.3;
						SystemCapabilities = {
							com.apple.BackgroundModes = {
								enabled = 1;
							};
							com.apple.Push = {
								enabled = 0;
							};
						};
					};
				};
			};
			buildConfigurationList = 0307831B20DF8AB000C04DD7 /* Build configuration list for PBXProject "DDYAuthorityManager" */;
			compatibilityVersion = "Xcode 9.3";
			developmentRegion = en;
			hasScannedForEncodings = 0;
			knownRegions = (
				en,
				Base,
			);
			mainGroup = 0307831720DF8AB000C04DD7;
			productRefGroup = 0307832120DF8AB000C04DD7 /* Products */;
			projectDirPath = "";
			projectRoot = "";
			targets = (
				0307831F20DF8AB000C04DD7 /* DDYAuthorityManager */,
			);
		};
/* End PBXProject section */

/* Begin PBXResourcesBuildPhase section */
		0307831E20DF8AB000C04DD7 /* Resources */ = {
			isa = PBXResourcesBuildPhase;
			buildActionMask = 2147483647;
			files = (
				0307834C20DF8ADA00C04DD7 /* LaunchScreen.storyboard in Resources */,
				0307835120DF8ADA00C04DD7 /* Info.plist in Resources */,
			);
			runOnlyForDeploymentPostprocessing = 0;
		};
/* End PBXResourcesBuildPhase section */

/* Begin PBXShellScriptBuildPhase section */
		202C615D4E0224D9E23DF401 /* [CP] Check Pods Manifest.lock */ = {
			isa = PBXShellScriptBuildPhase;
			buildActionMask = 2147483647;
			files = (
			);
			inputPaths = (
				"${PODS_PODFILE_DIR_PATH}/Podfile.lock",
				"${PODS_ROOT}/Manifest.lock",
			);
			name = "[CP] Check Pods Manifest.lock";
			outputPaths = (
				"$(DERIVED_FILE_DIR)/Pods-DDYAuthorityManager-checkManifestLockResult.txt",
			);
			runOnlyForDeploymentPostprocessing = 0;
			shellPath = /bin/sh;
			shellScript = "diff \"${PODS_PODFILE_DIR_PATH}/Podfile.lock\" \"${PODS_ROOT}/Manifest.lock\" > /dev/null\nif [ $? != 0 ] ; then\n    # print error to STDERR\n    echo \"error: The sandbox is not in sync with the Podfile.lock. Run 'pod install' or update your CocoaPods installation.\" >&2\n    exit 1\nfi\n# This output is used by Xcode 'outputs' to avoid re-running this script phase.\necho \"SUCCESS\" > \"${SCRIPT_OUTPUT_FILE_0}\"\n";
			showEnvVarsInLog = 0;
		};
		6D4DC5987C59DE3E594DC394 /* [CP] Copy Pods Resources */ = {
			isa = PBXShellScriptBuildPhase;
			buildActionMask = 2147483647;
			files = (
			);
			inputPaths = (
				"${PODS_ROOT}/Target Support Files/Pods-DDYAuthorityManager/Pods-DDYAuthorityManager-resources.sh",
				"${PODS_ROOT}/DDYAuthManager/DDYAuthManager/DDYAuthManager/DDYAuthManager.bundle",
			);
			name = "[CP] Copy Pods Resources";
			outputPaths = (
				"${TARGET_BUILD_DIR}/${UNLOCALIZED_RESOURCES_FOLDER_PATH}/DDYAuthManager.bundle",
			);
			runOnlyForDeploymentPostprocessing = 0;
			shellPath = /bin/sh;
			shellScript = "\"${PODS_ROOT}/Target Support Files/Pods-DDYAuthorityManager/Pods-DDYAuthorityManager-resources.sh\"\n";
			showEnvVarsInLog = 0;
		};
/* End PBXShellScriptBuildPhase section */

/* Begin PBXSourcesBuildPhase section */
		0307831C20DF8AB000C04DD7 /* Sources */ = {
			isa = PBXSourcesBuildPhase;
			buildActionMask = 2147483647;
			files = (
				0307834B20DF8ADA00C04DD7 /* ViewController.m in Sources */,
				0307834E20DF8ADA00C04DD7 /* AppDelegate.m in Sources */,
				0307834D20DF8ADA00C04DD7 /* main.m in Sources */,
			);
			runOnlyForDeploymentPostprocessing = 0;
		};
/* End PBXSourcesBuildPhase section */

/* Begin PBXVariantGroup section */
		0307834120DF8ADA00C04DD7 /* LaunchScreen.storyboard */ = {
			isa = PBXVariantGroup;
			children = (
				0307834220DF8ADA00C04DD7 /* Base */,
			);
			name = LaunchScreen.storyboard;
			sourceTree = "<group>";
		};
/* End PBXVariantGroup section */

/* Begin XCBuildConfiguration section */
		0307833420DF8AB600C04DD7 /* Debug */ = {
			isa = XCBuildConfiguration;
			buildSettings = {
				ALWAYS_SEARCH_USER_PATHS = NO;
				CLANG_ANALYZER_NONNULL = YES;
				CLANG_ANALYZER_NUMBER_OBJECT_CONVERSION = YES_AGGRESSIVE;
				CLANG_CXX_LANGUAGE_STANDARD = "gnu++14";
				CLANG_CXX_LIBRARY = "libc++";
				CLANG_ENABLE_MODULES = YES;
				CLANG_ENABLE_OBJC_ARC = YES;
				CLANG_ENABLE_OBJC_WEAK = YES;
				CLANG_WARN_BLOCK_CAPTURE_AUTORELEASING = YES;
				CLANG_WARN_BOOL_CONVERSION = YES;
				CLANG_WARN_COMMA = YES;
				CLANG_WARN_CONSTANT_CONVERSION = YES;
				CLANG_WARN_DEPRECATED_OBJC_IMPLEMENTATIONS = YES;
				CLANG_WARN_DIRECT_OBJC_ISA_USAGE = YES_ERROR;
				CLANG_WARN_DOCUMENTATION_COMMENTS = YES;
				CLANG_WARN_EMPTY_BODY = YES;
				CLANG_WARN_ENUM_CONVERSION = YES;
				CLANG_WARN_INFINITE_RECURSION = YES;
				CLANG_WARN_INT_CONVERSION = YES;
				CLANG_WARN_NON_LITERAL_NULL_CONVERSION = YES;
				CLANG_WARN_OBJC_IMPLICIT_RETAIN_SELF = YES;
				CLANG_WARN_OBJC_LITERAL_CONVERSION = YES;
				CLANG_WARN_OBJC_ROOT_CLASS = YES_ERROR;
				CLANG_WARN_RANGE_LOOP_ANALYSIS = YES;
				CLANG_WARN_STRICT_PROTOTYPES = YES;
				CLANG_WARN_SUSPICIOUS_MOVE = YES;
				CLANG_WARN_UNGUARDED_AVAILABILITY = YES_AGGRESSIVE;
				CLANG_WARN_UNREACHABLE_CODE = YES;
				CLANG_WARN__DUPLICATE_METHOD_MATCH = YES;
				CODE_SIGN_IDENTITY = "iPhone Developer";
				COPY_PHASE_STRIP = NO;
				DEBUG_INFORMATION_FORMAT = dwarf;
				ENABLE_STRICT_OBJC_MSGSEND = YES;
				ENABLE_TESTABILITY = YES;
				GCC_C_LANGUAGE_STANDARD = gnu11;
				GCC_DYNAMIC_NO_PIC = NO;
				GCC_NO_COMMON_BLOCKS = YES;
				GCC_OPTIMIZATION_LEVEL = 0;
				GCC_PREPROCESSOR_DEFINITIONS = (
					"DEBUG=1",
					"$(inherited)",
				);
				GCC_WARN_64_TO_32_BIT_CONVERSION = YES;
				GCC_WARN_ABOUT_RETURN_TYPE = YES_ERROR;
				GCC_WARN_UNDECLARED_SELECTOR = YES;
				GCC_WARN_UNINITIALIZED_AUTOS = YES_AGGRESSIVE;
				GCC_WARN_UNUSED_FUNCTION = YES;
				GCC_WARN_UNUSED_VARIABLE = YES;
				IPHONEOS_DEPLOYMENT_TARGET = 11.3;
				MTL_ENABLE_DEBUG_INFO = YES;
				ONLY_ACTIVE_ARCH = YES;
				SDKROOT = iphoneos;
			};
			name = Debug;
		};
		0307833520DF8AB600C04DD7 /* Release */ = {
			isa = XCBuildConfiguration;
			buildSettings = {
				ALWAYS_SEARCH_USER_PATHS = NO;
				CLANG_ANALYZER_NONNULL = YES;
				CLANG_ANALYZER_NUMBER_OBJECT_CONVERSION = YES_AGGRESSIVE;
				CLANG_CXX_LANGUAGE_STANDARD = "gnu++14";
				CLANG_CXX_LIBRARY = "libc++";
				CLANG_ENABLE_MODULES = YES;
				CLANG_ENABLE_OBJC_ARC = YES;
				CLANG_ENABLE_OBJC_WEAK = YES;
				CLANG_WARN_BLOCK_CAPTURE_AUTORELEASING = YES;
				CLANG_WARN_BOOL_CONVERSION = YES;
				CLANG_WARN_COMMA = YES;
				CLANG_WARN_CONSTANT_CONVERSION = YES;
				CLANG_WARN_DEPRECATED_OBJC_IMPLEMENTATIONS = YES;
				CLANG_WARN_DIRECT_OBJC_ISA_USAGE = YES_ERROR;
				CLANG_WARN_DOCUMENTATION_COMMENTS = YES;
				CLANG_WARN_EMPTY_BODY = YES;
				CLANG_WARN_ENUM_CONVERSION = YES;
				CLANG_WARN_INFINITE_RECURSION = YES;
				CLANG_WARN_INT_CONVERSION = YES;
				CLANG_WARN_NON_LITERAL_NULL_CONVERSION = YES;
				CLANG_WARN_OBJC_IMPLICIT_RETAIN_SELF = YES;
				CLANG_WARN_OBJC_LITERAL_CONVERSION = YES;
				CLANG_WARN_OBJC_ROOT_CLASS = YES_ERROR;
				CLANG_WARN_RANGE_LOOP_ANALYSIS = YES;
				CLANG_WARN_STRICT_PROTOTYPES = YES;
				CLANG_WARN_SUSPICIOUS_MOVE = YES;
				CLANG_WARN_UNGUARDED_AVAILABILITY = YES_AGGRESSIVE;
				CLANG_WARN_UNREACHABLE_CODE = YES;
				CLANG_WARN__DUPLICATE_METHOD_MATCH = YES;
				CODE_SIGN_IDENTITY = "iPhone Developer";
				COPY_PHASE_STRIP = NO;
				DEBUG_INFORMATION_FORMAT = "dwarf-with-dsym";
				ENABLE_NS_ASSERTIONS = NO;
				ENABLE_STRICT_OBJC_MSGSEND = YES;
				GCC_C_LANGUAGE_STANDARD = gnu11;
				GCC_NO_COMMON_BLOCKS = YES;
				GCC_WARN_64_TO_32_BIT_CONVERSION = YES;
				GCC_WARN_ABOUT_RETURN_TYPE = YES_ERROR;
				GCC_WARN_UNDECLARED_SELECTOR = YES;
				GCC_WARN_UNINITIALIZED_AUTOS = YES_AGGRESSIVE;
				GCC_WARN_UNUSED_FUNCTION = YES;
				GCC_WARN_UNUSED_VARIABLE = YES;
				IPHONEOS_DEPLOYMENT_TARGET = 11.3;
				MTL_ENABLE_DEBUG_INFO = NO;
				SDKROOT = iphoneos;
				VALIDATE_PRODUCT = YES;
			};
			name = Release;
		};
		0307833720DF8AB600C04DD7 /* Debug */ = {
			isa = XCBuildConfiguration;
			baseConfigurationReference = B9F9CA9D4A1C60097788FBED /* Pods-DDYAuthorityManager.debug.xcconfig */;
			buildSettings = {
				CODE_SIGN_STYLE = Automatic;
				DEVELOPMENT_TEAM = X634X4Y33S;
				INFOPLIST_FILE = "$(SRCROOT)/DDYAuthorityManager/System/Info.plist";
				IPHONEOS_DEPLOYMENT_TARGET = 8.0;
				LD_RUNPATH_SEARCH_PATHS = (
					"$(inherited)",
					"@executable_path/Frameworks",
				);
				PRODUCT_BUNDLE_IDENTIFIER = com.dengyun.dengyunblln;
				PRODUCT_NAME = "$(TARGET_NAME)";
				TARGETED_DEVICE_FAMILY = "1,2";
			};
			name = Debug;
		};
		0307833820DF8AB600C04DD7 /* Release */ = {
			isa = XCBuildConfiguration;
			baseConfigurationReference = 959F405F0B7FF4F8C823CF04 /* Pods-DDYAuthorityManager.release.xcconfig */;
			buildSettings = {
				CODE_SIGN_STYLE = Automatic;
				DEVELOPMENT_TEAM = X634X4Y33S;
				INFOPLIST_FILE = "$(SRCROOT)/DDYAuthorityManager/System/Info.plist";
				IPHONEOS_DEPLOYMENT_TARGET = 8.0;
				LD_RUNPATH_SEARCH_PATHS = (
					"$(inherited)",
					"@executable_path/Frameworks",
				);
				PRODUCT_BUNDLE_IDENTIFIER = com.dengyun.dengyunblln;
				PRODUCT_NAME = "$(TARGET_NAME)";
				TARGETED_DEVICE_FAMILY = "1,2";
			};
			name = Release;
		};
/* End XCBuildConfiguration section */

/* Begin XCConfigurationList section */
		0307831B20DF8AB000C04DD7 /* Build configuration list for PBXProject "DDYAuthorityManager" */ = {
			isa = XCConfigurationList;
			buildConfigurations = (
				0307833420DF8AB600C04DD7 /* Debug */,
				0307833520DF8AB600C04DD7 /* Release */,
			);
			defaultConfigurationIsVisible = 0;
			defaultConfigurationName = Release;
		};
		0307833620DF8AB600C04DD7 /* Build configuration list for PBXNativeTarget "DDYAuthorityManager" */ = {
			isa = XCConfigurationList;
			buildConfigurations = (
				0307833720DF8AB600C04DD7 /* Debug */,
				0307833820DF8AB600C04DD7 /* Release */,
			);
			defaultConfigurationIsVisible = 0;
			defaultConfigurationName = Release;
		};
/* End XCConfigurationList section */
	};
	rootObject = 0307831820DF8AB000C04DD7 /* Project object */;
}
